
Microsoft Visual Studio Solution File, Format Version 12.00
# Visual Studio Version 17
VisualStudioVersion = 17.0.31611.283
MinimumVisualStudioVersion = 10.0.40219.1
Project("{9A19103F-16F7-4668-BE54-9A1E7A4F7556}") = "BSE.Maui.Controls", "src\BSE.Maui.Controls\BSE.Maui.Controls.csproj", "{6AA4C825-B912-4647-9D96-29F3B397C29F}"
EndProject
Project("{9A19103F-16F7-4668-BE54-9A1E7A4F7556}") = "BSE.Maui.Samples", "src\BSE.Maui.Samples\BSE.Maui.Samples.csproj", "{BBD57D67-6222-425C-A09A-805745DD1440}"
EndProject
Global
	GlobalSection(SolutionConfigurationPlatforms) = preSolution
		Debug|Any CPU = Debug|Any CPU
		Release|Any CPU = Release|Any CPU
	EndGlobalSection
	GlobalSection(ProjectConfigurationPlatforms) = postSolution
		{6AA4C825-B912-4647-9D96-29F3B397C29F}.Debug|Any CPU.ActiveCfg = Debug|Any CPU
		{6AA4C825-B912-4647-9D96-29F3B397C29F}.Debug|Any CPU.Build.0 = Debug|Any CPU
		{6AA4C825-B912-4647-9D96-29F3B397C29F}.Release|Any CPU.ActiveCfg = Release|Any CPU
		{6AA4C825-B912-4647-9D96-29F3B397C29F}.Release|Any CPU.Build.0 = Release|Any CPU
		{BBD57D67-6222-425C-A09A-805745DD1440}.Debug|Any CPU.ActiveCfg = Debug|Any CPU
		{BBD57D67-6222-425C-A09A-805745DD1440}.Debug|Any CPU.Build.0 = Debug|Any CPU
		{BBD57D67-6222-425C-A09A-805745DD1440}.Debug|Any CPU.Deploy.0 = Debug|Any CPU
		{BBD57D67-6222-425C-A09A-805745DD1440}.Release|Any CPU.ActiveCfg = Release|Any CPU
		{BBD57D67-6222-425C-A09A-805745DD1440}.Release|Any CPU.Build.0 = Release|Any CPU
		{BBD57D67-6222-425C-A09A-805745DD1440}.Release|Any CPU.Deploy.0 = Release|Any CPU
	EndGlobalSection
	GlobalSection(SolutionProperties) = preSolution
		HideSolutionNode = FALSE
	EndGlobalSection
	GlobalSection(ExtensibilityGlobals) = postSolution
		SolutionGuid = {61F7FB11-1E47-470C-91E2-47F8143E1572}
	EndGlobalSection
EndGlobal
